// !$*UTF8*$!
{
	archiveVersion = 1;
	classes = {
	};
	objectVersion = 56;
	objects = {

/* Begin PBXBuildFile section */
		65AC1B072B2573A0003C7D89 /* Money_UpApp.swift in Sources */ = {isa = PBXBuildFile; fileRef = 65AC1B062B2573A0003C7D89 /* Money_UpApp.swift */; };
		65AC1B092B2573A1003C7D89 /* Home.swift in Sources */ = {isa = PBXBuildFile; fileRef = 65AC1B082B2573A1003C7D89 /* Home.swift */; };
		65AC1B0B2B2573A2003C7D89 /* Assets.xcassets in Resources */ = {isa = PBXBuildFile; fileRef = 65AC1B0A2B2573A2003C7D89 /* Assets.xcassets */; };
		65AC1B0E2B2573A2003C7D89 /* Preview Assets.xcassets in Resources */ = {isa = PBXBuildFile; fileRef = 65AC1B0D2B2573A2003C7D89 /* Preview Assets.xcassets */; };
		65AC1B182B2573A3003C7D89 /* Money_UpTests.swift in Sources */ = {isa = PBXBuildFile; fileRef = 65AC1B172B2573A3003C7D89 /* Money_UpTests.swift */; };
		65AC1B222B2573A3003C7D89 /* Money_UpUITests.swift in Sources */ = {isa = PBXBuildFile; fileRef = 65AC1B212B2573A3003C7D89 /* Money_UpUITests.swift */; };
		65AC1B242B2573A3003C7D89 /* Money_UpUITestsLaunchTests.swift in Sources */ = {isa = PBXBuildFile; fileRef = 65AC1B232B2573A3003C7D89 /* Money_UpUITestsLaunchTests.swift */; };
		65AC1B312B2575CB003C7D89 /* CustomTabBar.swift in Sources */ = {isa = PBXBuildFile; fileRef = 65AC1B302B2575CB003C7D89 /* CustomTabBar.swift */; };
		65AC1B332B2575E4003C7D89 /* HomePage.swift in Sources */ = {isa = PBXBuildFile; fileRef = 65AC1B322B2575E4003C7D89 /* HomePage.swift */; };
		65C70E002B26152E00850EAC /* LoginView.swift in Sources */ = {isa = PBXBuildFile; fileRef = 65C70DFF2B26152E00850EAC /* LoginView.swift */; };
		65C70E052B262BF200850EAC /* Expensify.swift in Sources */ = {isa = PBXBuildFile; fileRef = 65C70E042B262BF200850EAC /* Expensify.swift */; };
		65C70E072B262C2F00850EAC /* Spending.swift in Sources */ = {isa = PBXBuildFile; fileRef = 65C70E062B262C2F00850EAC /* Spending.swift */; };
		65C70E092B262C6A00850EAC /* Savings.swift in Sources */ = {isa = PBXBuildFile; fileRef = 65C70E082B262C6A00850EAC /* Savings.swift */; };
		65C70E0B2B262C9D00850EAC /* Investing.swift in Sources */ = {isa = PBXBuildFile; fileRef = 65C70E0A2B262C9D00850EAC /* Investing.swift */; };
		65C70E0D2B262D6800850EAC /* SplashScreenView.swift in Sources */ = {isa = PBXBuildFile; fileRef = 65C70E0C2B262D6800850EAC /* SplashScreenView.swift */; };
/* End PBXBuildFile section */

/* Begin PBXContainerItemProxy section */
		65AC1B142B2573A3003C7D89 /* PBXContainerItemProxy */ = {
			isa = PBXContainerItemProxy;
			containerPortal = 65AC1AFB2B2573A0003C7D89 /* Project object */;
			proxyType = 1;
			remoteGlobalIDString = 65AC1B022B2573A0003C7D89;
			remoteInfo = "Money Up";
		};
		65AC1B1E2B2573A3003C7D89 /* PBXContainerItemProxy */ = {
			isa = PBXContainerItemProxy;
			containerPortal = 65AC1AFB2B2573A0003C7D89 /* Project object */;
			proxyType = 1;
			remoteGlobalIDString = 65AC1B022B2573A0003C7D89;
			remoteInfo = "Money Up";
		};
/* End PBXContainerItemProxy section */

/* Begin PBXFileReference section */
		65AC1B032B2573A0003C7D89 /* Money Up.app */ = {isa = PBXFileReference; explicitFileType = wrapper.application; includeInIndex = 0; path = "Money Up.app"; sourceTree = BUILT_PRODUCTS_DIR; };
		65AC1B062B2573A0003C7D89 /* Money_UpApp.swift */ = {isa = PBXFileReference; lastKnownFileType = sourcecode.swift; path = Money_UpApp.swift; sourceTree = "<group>"; };
		65AC1B082B2573A1003C7D89 /* Home.swift */ = {isa = PBXFileReference; lastKnownFileType = sourcecode.swift; path = Home.swift; sourceTree = "<group>"; };
		65AC1B0A2B2573A2003C7D89 /* Assets.xcassets */ = {isa = PBXFileReference; lastKnownFileType = folder.assetcatalog; path = Assets.xcassets; sourceTree = "<group>"; };
		65AC1B0D2B2573A2003C7D89 /* Preview Assets.xcassets */ = {isa = PBXFileReference; lastKnownFileType = folder.assetcatalog; path = "Preview Assets.xcassets"; sourceTree = "<group>"; };
		65AC1B132B2573A3003C7D89 /* Money UpTests.xctest */ = {isa = PBXFileReference; explicitFileType = wrapper.cfbundle; includeInIndex = 0; path = "Money UpTests.xctest"; sourceTree = BUILT_PRODUCTS_DIR; };
		65AC1B172B2573A3003C7D89 /* Money_UpTests.swift */ = {isa = PBXFileReference; lastKnownFileType = sourcecode.swift; path = Money_UpTests.swift; sourceTree = "<group>"; };
		65AC1B1D2B2573A3003C7D89 /* Money UpUITests.xctest */ = {isa = PBXFileReference; explicitFileType = wrapper.cfbundle; includeInIndex = 0; path = "Money UpUITests.xctest"; sourceTree = BUILT_PRODUCTS_DIR; };
		65AC1B212B2573A3003C7D89 /* Money_UpUITests.swift */ = {isa = PBXFileReference; lastKnownFileType = sourcecode.swift; path = Money_UpUITests.swift; sourceTree = "<group>"; };
		65AC1B232B2573A3003C7D89 /* Money_UpUITestsLaunchTests.swift */ = {isa = PBXFileReference; lastKnownFileType = sourcecode.swift; path = Money_UpUITestsLaunchTests.swift; sourceTree = "<group>"; };
		65AC1B302B2575CB003C7D89 /* CustomTabBar.swift */ = {isa = PBXFileReference; lastKnownFileType = sourcecode.swift; path = CustomTabBar.swift; sourceTree = "<group>"; };
		65AC1B322B2575E4003C7D89 /* HomePage.swift */ = {isa = PBXFileReference; lastKnownFileType = sourcecode.swift; path = HomePage.swift; sourceTree = "<group>"; };
		65C70DFF2B26152E00850EAC /* LoginView.swift */ = {isa = PBXFileReference; lastKnownFileType = sourcecode.swift; path = LoginView.swift; sourceTree = "<group>"; };
		65C70E042B262BF200850EAC /* Expensify.swift */ = {isa = PBXFileReference; lastKnownFileType = sourcecode.swift; path = Expensify.swift; sourceTree = "<group>"; };
		65C70E062B262C2F00850EAC /* Spending.swift */ = {isa = PBXFileReference; lastKnownFileType = sourcecode.swift; path = Spending.swift; sourceTree = "<group>"; };
		65C70E082B262C6A00850EAC /* Savings.swift */ = {isa = PBXFileReference; lastKnownFileType = sourcecode.swift; path = Savings.swift; sourceTree = "<group>"; };
		65C70E0A2B262C9D00850EAC /* Investing.swift */ = {isa = PBXFileReference; lastKnownFileType = sourcecode.swift; path = Investing.swift; sourceTree = "<group>"; };
		65C70E0C2B262D6800850EAC /* SplashScreenView.swift */ = {isa = PBXFileReference; lastKnownFileType = sourcecode.swift; path = SplashScreenView.swift; sourceTree = "<group>"; };
/* End PBXFileReference section */

/* Begin PBXFrameworksBuildPhase section */
		65AC1B002B2573A0003C7D89 /* Frameworks */ = {
			isa = PBXFrameworksBuildPhase;
			buildActionMask = 2147483647;
			files = (
			);
			runOnlyForDeploymentPostprocessing = 0;
		};
		65AC1B102B2573A3003C7D89 /* Frameworks */ = {
			isa = PBXFrameworksBuildPhase;
			buildActionMask = 2147483647;
			files = (
			);
			runOnlyForDeploymentPostprocessing = 0;
		};
		65AC1B1A2B2573A3003C7D89 /* Frameworks */ = {
			isa = PBXFrameworksBuildPhase;
			buildActionMask = 2147483647;
			files = (
			);
			runOnlyForDeploymentPostprocessing = 0;
		};
/* End PBXFrameworksBuildPhase section */

/* Begin PBXGroup section */
		65AC1AFA2B2573A0003C7D89 = {
			isa = PBXGroup;
			children = (
				65AC1B052B2573A0003C7D89 /* Money Up */,
				65AC1B162B2573A3003C7D89 /* Money UpTests */,
				65AC1B202B2573A3003C7D89 /* Money UpUITests */,
				65AC1B042B2573A0003C7D89 /* Products */,
			);
			sourceTree = "<group>";
		};
		65AC1B042B2573A0003C7D89 /* Products */ = {
			isa = PBXGroup;
			children = (
				65AC1B032B2573A0003C7D89 /* Money Up.app */,
				65AC1B132B2573A3003C7D89 /* Money UpTests.xctest */,
				65AC1B1D2B2573A3003C7D89 /* Money UpUITests.xctest */,
			);
			name = Products;
			sourceTree = "<group>";
		};
		65AC1B052B2573A0003C7D89 /* Money Up */ = {
			isa = PBXGroup;
			children = (
				65C70E032B262A8500850EAC /* View */,
				65AC1B062B2573A0003C7D89 /* Money_UpApp.swift */,
				65AC1B302B2575CB003C7D89 /* CustomTabBar.swift */,
				65AC1B322B2575E4003C7D89 /* HomePage.swift */,
				65AC1B0A2B2573A2003C7D89 /* Assets.xcassets */,
				65AC1B0C2B2573A2003C7D89 /* Preview Content */,
			);
			path = "Money Up";
			sourceTree = "<group>";
		};
		65AC1B0C2B2573A2003C7D89 /* Preview Content */ = {
			isa = PBXGroup;
			children = (
				65AC1B0D2B2573A2003C7D89 /* Preview Assets.xcassets */,
			);
			path = "Preview Content";
			sourceTree = "<group>";
		};
		65AC1B162B2573A3003C7D89 /* Money UpTests */ = {
			isa = PBXGroup;
			children = (
				65AC1B172B2573A3003C7D89 /* Money_UpTests.swift */,
			);
			path = "Money UpTests";
			sourceTree = "<group>";
		};
		65AC1B202B2573A3003C7D89 /* Money UpUITests */ = {
			isa = PBXGroup;
			children = (
				65AC1B212B2573A3003C7D89 /* Money_UpUITests.swift */,
				65AC1B232B2573A3003C7D89 /* Money_UpUITestsLaunchTests.swift */,
			);
			path = "Money UpUITests";
			sourceTree = "<group>";
		};
		65C70E032B262A8500850EAC /* View */ = {
			isa = PBXGroup;
			children = (
				65C70DFF2B26152E00850EAC /* LoginView.swift */,
				65C70E042B262BF200850EAC /* Expensify.swift */,
				65C70E062B262C2F00850EAC /* Spending.swift */,
				65AC1B082B2573A1003C7D89 /* Home.swift */,
				65C70E082B262C6A00850EAC /* Savings.swift */,
				65C70E0A2B262C9D00850EAC /* Investing.swift */,
				65C70E0C2B262D6800850EAC /* SplashScreenView.swift */,
			);
			path = View;
			sourceTree = "<group>";
		};
/* End PBXGroup section */

/* Begin PBXNativeTarget section */
		65AC1B022B2573A0003C7D89 /* Money Up */ = {
			isa = PBXNativeTarget;
			buildConfigurationList = 65AC1B272B2573A3003C7D89 /* Build configuration list for PBXNativeTarget "Money Up" */;
			buildPhases = (
				65AC1AFF2B2573A0003C7D89 /* Sources */,
				65AC1B002B2573A0003C7D89 /* Frameworks */,
				65AC1B012B2573A0003C7D89 /* Resources */,
			);
			buildRules = (
			);
			dependencies = (
			);
			name = "Money Up";
			productName = "Money Up";
			productReference = 65AC1B032B2573A0003C7D89 /* Money Up.app */;
			productType = "com.apple.product-type.application";
		};
		65AC1B122B2573A3003C7D89 /* Money UpTests */ = {
			isa = PBXNativeTarget;
			buildConfigurationList = 65AC1B2A2B2573A3003C7D89 /* Build configuration list for PBXNativeTarget "Money UpTests" */;
			buildPhases = (
				65AC1B0F2B2573A3003C7D89 /* Sources */,
				65AC1B102B2573A3003C7D89 /* Frameworks */,
				65AC1B112B2573A3003C7D89 /* Resources */,
			);
			buildRules = (
			);
			dependencies = (
				65AC1B152B2573A3003C7D89 /* PBXTargetDependency */,
			);
			name = "Money UpTests";
			productName = "Money UpTests";
			productReference = 65AC1B132B2573A3003C7D89 /* Money UpTests.xctest */;
			productType = "com.apple.product-type.bundle.unit-test";
		};
		65AC1B1C2B2573A3003C7D89 /* Money UpUITests */ = {
			isa = PBXNativeTarget;
			buildConfigurationList = 65AC1B2D2B2573A3003C7D89 /* Build configuration list for PBXNativeTarget "Money UpUITests" */;
			buildPhases = (
				65AC1B192B2573A3003C7D89 /* Sources */,
				65AC1B1A2B2573A3003C7D89 /* Frameworks */,
				65AC1B1B2B2573A3003C7D89 /* Resources */,
			);
			buildRules = (
			);
			dependencies = (
				65AC1B1F2B2573A3003C7D89 /* PBXTargetDependency */,
			);
			name = "Money UpUITests";
			productName = "Money UpUITests";
			productReference = 65AC1B1D2B2573A3003C7D89 /* Money UpUITests.xctest */;
			productType = "com.apple.product-type.bundle.ui-testing";
		};
/* End PBXNativeTarget section */

/* Begin PBXProject section */
		65AC1AFB2B2573A0003C7D89 /* Project object */ = {
			isa = PBXProject;
			attributes = {
				BuildIndependentTargetsInParallel = 1;
				LastSwiftUpdateCheck = 1500;
				LastUpgradeCheck = 1500;
				TargetAttributes = {
					65AC1B022B2573A0003C7D89 = {
						CreatedOnToolsVersion = 15.0.1;
					};
					65AC1B122B2573A3003C7D89 = {
						CreatedOnToolsVersion = 15.0.1;
						TestTargetID = 65AC1B022B2573A0003C7D89;
					};
					65AC1B1C2B2573A3003C7D89 = {
						CreatedOnToolsVersion = 15.0.1;
						TestTargetID = 65AC1B022B2573A0003C7D89;
					};
				};
			};
			buildConfigurationList = 65AC1AFE2B2573A0003C7D89 /* Build configuration list for PBXProject "Money Up" */;
			compatibilityVersion = "Xcode 14.0";
			developmentRegion = en;
			hasScannedForEncodings = 0;
			knownRegions = (
				en,
				Base,
			);
			mainGroup = 65AC1AFA2B2573A0003C7D89;
			productRefGroup = 65AC1B042B2573A0003C7D89 /* Products */;
			projectDirPath = "";
			projectRoot = "";
			targets = (
				65AC1B022B2573A0003C7D89 /* Money Up */,
				65AC1B122B2573A3003C7D89 /* Money UpTests */,
				65AC1B1C2B2573A3003C7D89 /* Money UpUITests */,
			);
		};
/* End PBXProject section */

/* Begin PBXResourcesBuildPhase section */
		65AC1B012B2573A0003C7D89 /* Resources */ = {
			isa = PBXResourcesBuildPhase;
			buildActionMask = 2147483647;
			files = (
				65AC1B0E2B2573A2003C7D89 /* Preview Assets.xcassets in Resources */,
				65AC1B0B2B2573A2003C7D89 /* Assets.xcassets in Resources */,
			);
			runOnlyForDeploymentPostprocessing = 0;
		};
		65AC1B112B2573A3003C7D89 /* Resources */ = {
			isa = PBXResourcesBuildPhase;
			buildActionMask = 2147483647;
			files = (
			);
			runOnlyForDeploymentPostprocessing = 0;
		};
		65AC1B1B2B2573A3003C7D89 /* Resources */ = {
			isa = PBXResourcesBuildPhase;
			buildActionMask = 2147483647;
			files = (
			);
			runOnlyForDeploymentPostprocessing = 0;
		};
/* End PBXResourcesBuildPhase section */

/* Begin PBXSourcesBuildPhase section */
		65AC1AFF2B2573A0003C7D89 /* Sources */ = {
			isa = PBXSourcesBuildPhase;
			buildActionMask = 2147483647;
			files = (
				65C70E002B26152E00850EAC /* LoginView.swift in Sources */,
				65AC1B092B2573A1003C7D89 /* Home.swift in Sources */,
				65AC1B312B2575CB003C7D89 /* CustomTabBar.swift in Sources */,
				65C70E092B262C6A00850EAC /* Savings.swift in Sources */,
				65AC1B072B2573A0003C7D89 /* Money_UpApp.swift in Sources */,
				65C70E0B2B262C9D00850EAC /* Investing.swift in Sources */,
				65C70E072B262C2F00850EAC /* Spending.swift in Sources */,
				65C70E0D2B262D6800850EAC /* SplashScreenView.swift in Sources */,
				65AC1B332B2575E4003C7D89 /* HomePage.swift in Sources */,
				65C70E052B262BF200850EAC /* Expensify.swift in Sources */,
			);
			runOnlyForDeploymentPostprocessing = 0;
		};
		65AC1B0F2B2573A3003C7D89 /* Sources */ = {
			isa = PBXSourcesBuildPhase;
			buildActionMask = 2147483647;
			files = (
				65AC1B182B2573A3003C7D89 /* Money_UpTests.swift in Sources */,
			);
			runOnlyForDeploymentPostprocessing = 0;
		};
		65AC1B192B2573A3003C7D89 /* Sources */ = {
			isa = PBXSourcesBuildPhase;
			buildActionMask = 2147483647;
			files = (
				65AC1B242B2573A3003C7D89 /* Money_UpUITestsLaunchTests.swift in Sources */,
				65AC1B222B2573A3003C7D89 /* Money_UpUITests.swift in Sources */,
			);
			runOnlyForDeploymentPostprocessing = 0;
		};
/* End PBXSourcesBuildPhase section */

/* Begin PBXTargetDependency section */
		65AC1B152B2573A3003C7D89 /* PBXTargetDependency */ = {
			isa = PBXTargetDependency;
			target = 65AC1B022B2573A0003C7D89 /* Money Up */;
			targetProxy = 65AC1B142B2573A3003C7D89 /* PBXContainerItemProxy */;
		};
		65AC1B1F2B2573A3003C7D89 /* PBXTargetDependency */ = {
			isa = PBXTargetDependency;
			target = 65AC1B022B2573A0003C7D89 /* Money Up */;
			targetProxy = 65AC1B1E2B2573A3003C7D89 /* PBXContainerItemProxy */;
		};
/* End PBXTargetDependency section */

/* Begin XCBuildConfiguration section */
		65AC1B252B2573A3003C7D89 /* Debug */ = {
			isa = XCBuildConfiguration;
			buildSettings = {
				ALWAYS_SEARCH_USER_PATHS = NO;
				ASSETCATALOG_COMPILER_GENERATE_SWIFT_ASSET_SYMBOL_EXTENSIONS = YES;
				CLANG_ANALYZER_NONNULL = YES;
				CLANG_ANALYZER_NUMBER_OBJECT_CONVERSION = YES_AGGRESSIVE;
				CLANG_CXX_LANGUAGE_STANDARD = "gnu++20";
				CLANG_ENABLE_MODULES = YES;
				CLANG_ENABLE_OBJC_ARC = YES;
				CLANG_ENABLE_OBJC_WEAK = YES;
				CLANG_WARN_BLOCK_CAPTURE_AUTORELEASING = YES;
				CLANG_WARN_BOOL_CONVERSION = YES;
				CLANG_WARN_COMMA = YES;
				CLANG_WARN_CONSTANT_CONVERSION = YES;
				CLANG_WARN_DEPRECATED_OBJC_IMPLEMENTATIONS = YES;
				CLANG_WARN_DIRECT_OBJC_ISA_USAGE = YES_ERROR;
				CLANG_WARN_DOCUMENTATION_COMMENTS = YES;
				CLANG_WARN_EMPTY_BODY = YES;
				CLANG_WARN_ENUM_CONVERSION = YES;
				CLANG_WARN_INFINITE_RECURSION = YES;
				CLANG_WARN_INT_CONVERSION = YES;
				CLANG_WARN_NON_LITERAL_NULL_CONVERSION = YES;
				CLANG_WARN_OBJC_IMPLICIT_RETAIN_SELF = YES;
				CLANG_WARN_OBJC_LITERAL_CONVERSION = YES;
				CLANG_WARN_OBJC_ROOT_CLASS = YES_ERROR;
				CLANG_WARN_QUOTED_INCLUDE_IN_FRAMEWORK_HEADER = YES;
				CLANG_WARN_RANGE_LOOP_ANALYSIS = YES;
				CLANG_WARN_STRICT_PROTOTYPES = YES;
				CLANG_WARN_SUSPICIOUS_MOVE = YES;
				CLANG_WARN_UNGUARDED_AVAILABILITY = YES_AGGRESSIVE;
				CLANG_WARN_UNREACHABLE_CODE = YES;
				CLANG_WARN__DUPLICATE_METHOD_MATCH = YES;
				COPY_PHASE_STRIP = NO;
				DEBUG_INFORMATION_FORMAT = dwarf;
				ENABLE_STRICT_OBJC_MSGSEND = YES;
				ENABLE_TESTABILITY = YES;
				ENABLE_USER_SCRIPT_SANDBOXING = YES;
				GCC_C_LANGUAGE_STANDARD = gnu17;
				GCC_DYNAMIC_NO_PIC = NO;
				GCC_NO_COMMON_BLOCKS = YES;
				GCC_OPTIMIZATION_LEVEL = 0;
				GCC_PREPROCESSOR_DEFINITIONS = (
					"DEBUG=1",
					"$(inherited)",
				);
				GCC_WARN_64_TO_32_BIT_CONVERSION = YES;
				GCC_WARN_ABOUT_RETURN_TYPE = YES_ERROR;
				GCC_WARN_UNDECLARED_SELECTOR = YES;
				GCC_WARN_UNINITIALIZED_AUTOS = YES_AGGRESSIVE;
				GCC_WARN_UNUSED_FUNCTION = YES;
				GCC_WARN_UNUSED_VARIABLE = YES;
				IPHONEOS_DEPLOYMENT_TARGET = 17.0;
				LOCALIZATION_PREFERS_STRING_CATALOGS = YES;
				MTL_ENABLE_DEBUG_INFO = INCLUDE_SOURCE;
				MTL_FAST_MATH = YES;
				ONLY_ACTIVE_ARCH = YES;
				SDKROOT = iphoneos;
				SWIFT_ACTIVE_COMPILATION_CONDITIONS = "DEBUG $(inherited)";
				SWIFT_OPTIMIZATION_LEVEL = "-Onone";
			};
			name = Debug;
		};
		65AC1B262B2573A3003C7D89 /* Release */ = {
			isa = XCBuildConfiguration;
			buildSettings = {
				ALWAYS_SEARCH_USER_PATHS = NO;
				ASSETCATALOG_COMPILER_GENERATE_SWIFT_ASSET_SYMBOL_EXTENSIONS = YES;
				CLANG_ANALYZER_NONNULL = YES;
				CLANG_ANALYZER_NUMBER_OBJECT_CONVERSION = YES_AGGRESSIVE;
				CLANG_CXX_LANGUAGE_STANDARD = "gnu++20";
				CLANG_ENABLE_MODULES = YES;
				CLANG_ENABLE_OBJC_ARC = YES;
				CLANG_ENABLE_OBJC_WEAK = YES;
				CLANG_WARN_BLOCK_CAPTURE_AUTORELEASING = YES;
				CLANG_WARN_BOOL_CONVERSION = YES;
				CLANG_WARN_COMMA = YES;
				CLANG_WARN_CONSTANT_CONVERSION = YES;
				CLANG_WARN_DEPRECATED_OBJC_IMPLEMENTATIONS = YES;
				CLANG_WARN_DIRECT_OBJC_ISA_USAGE = YES_ERROR;
				CLANG_WARN_DOCUMENTATION_COMMENTS = YES;
				CLANG_WARN_EMPTY_BODY = YES;
				CLANG_WARN_ENUM_CONVERSION = YES;
				CLANG_WARN_INFINITE_RECURSION = YES;
				CLANG_WARN_INT_CONVERSION = YES;
				CLANG_WARN_NON_LITERAL_NULL_CONVERSION = YES;
				CLANG_WARN_OBJC_IMPLICIT_RETAIN_SELF = YES;
				CLANG_WARN_OBJC_LITERAL_CONVERSION = YES;
				CLANG_WARN_OBJC_ROOT_CLASS = YES_ERROR;
				CLANG_WARN_QUOTED_INCLUDE_IN_FRAMEWORK_HEADER = YES;
				CLANG_WARN_RANGE_LOOP_ANALYSIS = YES;
				CLANG_WARN_STRICT_PROTOTYPES = YES;
				CLANG_WARN_SUSPICIOUS_MOVE = YES;
				CLANG_WARN_UNGUARDED_AVAILABILITY = YES_AGGRESSIVE;
				CLANG_WARN_UNREACHABLE_CODE = YES;
				CLANG_WARN__DUPLICATE_METHOD_MATCH = YES;
				COPY_PHASE_STRIP = NO;
				DEBUG_INFORMATION_FORMAT = "dwarf-with-dsym";
				ENABLE_NS_ASSERTIONS = NO;
				ENABLE_STRICT_OBJC_MSGSEND = YES;
				ENABLE_USER_SCRIPT_SANDBOXING = YES;
				GCC_C_LANGUAGE_STANDARD = gnu17;
				GCC_NO_COMMON_BLOCKS = YES;
				GCC_WARN_64_TO_32_BIT_CONVERSION = YES;
				GCC_WARN_ABOUT_RETURN_TYPE = YES_ERROR;
				GCC_WARN_UNDECLARED_SELECTOR = YES;
				GCC_WARN_UNINITIALIZED_AUTOS = YES_AGGRESSIVE;
				GCC_WARN_UNUSED_FUNCTION = YES;
				GCC_WARN_UNUSED_VARIABLE = YES;
				IPHONEOS_DEPLOYMENT_TARGET = 17.0;
				LOCALIZATION_PREFERS_STRING_CATALOGS = YES;
				MTL_ENABLE_DEBUG_INFO = NO;
				MTL_FAST_MATH = YES;
				SDKROOT = iphoneos;
				SWIFT_COMPILATION_MODE = wholemodule;
				VALIDATE_PRODUCT = YES;
			};
			name = Release;
		};
		65AC1B282B2573A3003C7D89 /* Debug */ = {
			isa = XCBuildConfiguration;
			buildSettings = {
				ASSETCATALOG_COMPILER_APPICON_NAME = AppIcon;
				ASSETCATALOG_COMPILER_GLOBAL_ACCENT_COLOR_NAME = AccentColor;
				CODE_SIGN_STYLE = Automatic;
				CURRENT_PROJECT_VERSION = 1;
				DEVELOPMENT_ASSET_PATHS = "\"Money Up/Preview Content\"";
				DEVELOPMENT_TEAM = AX3U984B98;
				ENABLE_PREVIEWS = YES;
				GENERATE_INFOPLIST_FILE = YES;
				INFOPLIST_KEY_UIApplicationSceneManifest_Generation = YES;
				INFOPLIST_KEY_UIApplicationSupportsIndirectInputEvents = YES;
				INFOPLIST_KEY_UILaunchScreen_Generation = YES;
				INFOPLIST_KEY_UISupportedInterfaceOrientations_iPad = "UIInterfaceOrientationPortrait UIInterfaceOrientationPortraitUpsideDown UIInterfaceOrientationLandscapeLeft UIInterfaceOrientationLandscapeRight";
				INFOPLIST_KEY_UISupportedInterfaceOrientations_iPhone = "UIInterfaceOrientationPortrait UIInterfaceOrientationLandscapeLeft UIInterfaceOrientationLandscapeRight";
				LD_RUNPATH_SEARCH_PATHS = (
					"$(inherited)",
					"@executable_path/Frameworks",
				);
				MARKETING_VERSION = 1.0;
				PRODUCT_BUNDLE_IDENTIFIER = "com.nathan.Money-Up";
				PRODUCT_NAME = "$(TARGET_NAME)";
				SWIFT_EMIT_LOC_STRINGS = YES;
				SWIFT_VERSION = 5.0;
				TARGETED_DEVICE_FAMILY = "1,2";
			};
			name = Debug;
		};
		65AC1B292B2573A3003C7D89 /* Release */ = {
			isa = XCBuildConfiguration;
			buildSettings = {
				ASSETCATALOG_COMPILER_APPICON_NAME = AppIcon;
				ASSETCATALOG_COMPILER_GLOBAL_ACCENT_COLOR_NAME = AccentColor;
				CODE_SIGN_STYLE = Automatic;
				CURRENT_PROJECT_VERSION = 1;
				DEVELOPMENT_ASSET_PATHS = "\"Money Up/Preview Content\"";
				DEVELOPMENT_TEAM = AX3U984B98;
				ENABLE_PREVIEWS = YES;
				GENERATE_INFOPLIST_FILE = YES;
				INFOPLIST_KEY_UIApplicationSceneManifest_Generation = YES;
				INFOPLIST_KEY_UIApplicationSupportsIndirectInputEvents = YES;
				INFOPLIST_KEY_UILaunchScreen_Generation = YES;
				INFOPLIST_KEY_UISupportedInterfaceOrientations_iPad = "UIInterfaceOrientationPortrait UIInterfaceOrientationPortraitUpsideDown UIInterfaceOrientationLandscapeLeft UIInterfaceOrientationLandscapeRight";
				INFOPLIST_KEY_UISupportedInterfaceOrientations_iPhone = "UIInterfaceOrientationPortrait UIInterfaceOrientationLandscapeLeft UIInterfaceOrientationLandscapeRight";
				LD_RUNPATH_SEARCH_PATHS = (
					"$(inherited)",
					"@executable_path/Frameworks",
				);
				MARKETING_VERSION = 1.0;
				PRODUCT_BUNDLE_IDENTIFIER = "com.nathan.Money-Up";
				PRODUCT_NAME = "$(TARGET_NAME)";
				SWIFT_EMIT_LOC_STRINGS = YES;
				SWIFT_VERSION = 5.0;
				TARGETED_DEVICE_FAMILY = "1,2";
			};
			name = Release;
		};
		65AC1B2B2B2573A3003C7D89 /* Debug */ = {
			isa = XCBuildConfiguration;
			buildSettings = {
				ALWAYS_EMBED_SWIFT_STANDARD_LIBRARIES = YES;
				BUNDLE_LOADER = "$(TEST_HOST)";
				CODE_SIGN_STYLE = Automatic;
				CURRENT_PROJECT_VERSION = 1;
				DEVELOPMENT_TEAM = AX3U984B98;
				GENERATE_INFOPLIST_FILE = YES;
				IPHONEOS_DEPLOYMENT_TARGET = 17.0;
				MARKETING_VERSION = 1.0;
				PRODUCT_BUNDLE_IDENTIFIER = "com.nathan.Money-UpTests";
				PRODUCT_NAME = "$(TARGET_NAME)";
				SWIFT_EMIT_LOC_STRINGS = NO;
				SWIFT_VERSION = 5.0;
				TARGETED_DEVICE_FAMILY = "1,2";
				TEST_HOST = "$(BUILT_PRODUCTS_DIR)/Money Up.app/$(BUNDLE_EXECUTABLE_FOLDER_PATH)/Money Up";
			};
			name = Debug;
		};
		65AC1B2C2B2573A3003C7D89 /* Release */ = {
			isa = XCBuildConfiguration;
			buildSettings = {
				ALWAYS_EMBED_SWIFT_STANDARD_LIBRARIES = YES;
				BUNDLE_LOADER = "$(TEST_HOST)";
				CODE_SIGN_STYLE = Automatic;
				CURRENT_PROJECT_VERSION = 1;
				DEVELOPMENT_TEAM = AX3U984B98;
				GENERATE_INFOPLIST_FILE = YES;
				IPHONEOS_DEPLOYMENT_TARGET = 17.0;
				MARKETING_VERSION = 1.0;
				PRODUCT_BUNDLE_IDENTIFIER = "com.nathan.Money-UpTests";
				PRODUCT_NAME = "$(TARGET_NAME)";
				SWIFT_EMIT_LOC_STRINGS = NO;
				SWIFT_VERSION = 5.0;
				TARGETED_DEVICE_FAMILY = "1,2";
				TEST_HOST = "$(BUILT_PRODUCTS_DIR)/Money Up.app/$(BUNDLE_EXECUTABLE_FOLDER_PATH)/Money Up";
			};
			name = Release;
		};
		65AC1B2E2B2573A3003C7D89 /* Debug */ = {
			isa = XCBuildConfiguration;
			buildSettings = {
				ALWAYS_EMBED_SWIFT_STANDARD_LIBRARIES = YES;
				CODE_SIGN_STYLE = Automatic;
				CURRENT_PROJECT_VERSION = 1;
				DEVELOPMENT_TEAM = AX3U984B98;
				GENERATE_INFOPLIST_FILE = YES;
				MARKETING_VERSION = 1.0;
				PRODUCT_BUNDLE_IDENTIFIER = "com.nathan.Money-UpUITests";
				PRODUCT_NAME = "$(TARGET_NAME)";
				SWIFT_EMIT_LOC_STRINGS = NO;
				SWIFT_VERSION = 5.0;
				TARGETED_DEVICE_FAMILY = "1,2";
				TEST_TARGET_NAME = "Money Up";
			};
			name = Debug;
		};
		65AC1B2F2B2573A3003C7D89 /* Release */ = {
			isa = XCBuildConfiguration;
			buildSettings = {
				ALWAYS_EMBED_SWIFT_STANDARD_LIBRARIES = YES;
				CODE_SIGN_STYLE = Automatic;
				CURRENT_PROJECT_VERSION = 1;
				DEVELOPMENT_TEAM = AX3U984B98;
				GENERATE_INFOPLIST_FILE = YES;
				MARKETING_VERSION = 1.0;
				PRODUCT_BUNDLE_IDENTIFIER = "com.nathan.Money-UpUITests";
				PRODUCT_NAME = "$(TARGET_NAME)";
				SWIFT_EMIT_LOC_STRINGS = NO;
				SWIFT_VERSION = 5.0;
				TARGETED_DEVICE_FAMILY = "1,2";
				TEST_TARGET_NAME = "Money Up";
			};
			name = Release;
		};
/* End XCBuildConfiguration section */

/* Begin XCConfigurationList section */
		65AC1AFE2B2573A0003C7D89 /* Build configuration list for PBXProject "Money Up" */ = {
			isa = XCConfigurationList;
			buildConfigurations = (
				65AC1B252B2573A3003C7D89 /* Debug */,
				65AC1B262B2573A3003C7D89 /* Release */,
			);
			defaultConfigurationIsVisible = 0;
			defaultConfigurationName = Release;
		};
		65AC1B272B2573A3003C7D89 /* Build configuration list for PBXNativeTarget "Money Up" */ = {
			isa = XCConfigurationList;
			buildConfigurations = (
				65AC1B282B2573A3003C7D89 /* Debug */,
				65AC1B292B2573A3003C7D89 /* Release */,
			);
			defaultConfigurationIsVisible = 0;
			defaultConfigurationName = Release;
		};
		65AC1B2A2B2573A3003C7D89 /* Build configuration list for PBXNativeTarget "Money UpTests" */ = {
			isa = XCConfigurationList;
			buildConfigurations = (
				65AC1B2B2B2573A3003C7D89 /* Debug */,
				65AC1B2C2B2573A3003C7D89 /* Release */,
			);
			defaultConfigurationIsVisible = 0;
			defaultConfigurationName = Release;
		};
		65AC1B2D2B2573A3003C7D89 /* Build configuration list for PBXNativeTarget "Money UpUITests" */ = {
			isa = XCConfigurationList;
			buildConfigurations = (
				65AC1B2E2B2573A3003C7D89 /* Debug */,
				65AC1B2F2B2573A3003C7D89 /* Release */,
			);
			defaultConfigurationIsVisible = 0;
			defaultConfigurationName = Release;
		};
/* End XCConfigurationList section */
	};
	rootObject = 65AC1AFB2B2573A0003C7D89 /* Project object */;
}
